
Microsoft Visual Studio Solution File, Format Version 12.00
# Visual Studio Version 16
VisualStudioVersion = 16.0.30611.23
MinimumVisualStudioVersion = 10.0.40219.1
Project("{FAE04EC0-301F-11D3-BF4B-00C04F79EFBC}") = "Less Flashy Laser Cutter", "Less Flashy Laser Cutter\Less Flashy Laser Cutter.csproj", "{0D63B7A4-1514-40A8-9F3C-A5A7D7D04D43}"
EndProject
Global
	GlobalSection(SolutionConfigurationPlatforms) = preSolution
		Debug|Any CPU = Debug|Any CPU
		Release|Any CPU = Release|Any CPU
	EndGlobalSection
	GlobalSection(ProjectConfigurationPlatforms) = postSolution
		{0D63B7A4-1514-40A8-9F3C-A5A7D7D04D43}.Debug|Any CPU.ActiveCfg = Debug|Any CPU
		{0D63B7A4-1514-40A8-9F3C-A5A7D7D04D43}.Debug|Any CPU.Build.0 = Debug|Any CPU
		{0D63B7A4-1514-40A8-9F3C-A5A7D7D04D43}.Release|Any CPU.ActiveCfg = Release|Any CPU
		{0D63B7A4-1514-40A8-9F3C-A5A7D7D04D43}.Release|Any CPU.Build.0 = Release|Any CPU
	EndGlobalSection
	GlobalSection(SolutionProperties) = preSolution
		HideSolutionNode = FALSE
	EndGlobalSection
	GlobalSection(ExtensibilityGlobals) = postSolution
		SolutionGuid = {200BCC98-F554-42D7-A52D-7F9BC2055341}
	EndGlobalSection
EndGlobal
